
Microsoft Visual Studio Solution File, Format Version 12.00
# Visual Studio 15
VisualStudioVersion = 15.0.28307.902
MinimumVisualStudioVersion = 10.0.40219.1
Project("{8BC9CEB8-8B4A-11D0-8D11-00A0C91BC942}") = "Final Project MS3", "Final Project MS3\Final Project MS3.vcxproj", "{368AD2C6-EC95-4460-872A-BE4CBDECA745}"
EndProject
Global
	GlobalSection(SolutionConfigurationPlatforms) = preSolution
		Debug|x64 = Debug|x64
		Debug|x86 = Debug|x86
		Release|x64 = Release|x64
		Release|x86 = Release|x86
	EndGlobalSection
	GlobalSection(ProjectConfigurationPlatforms) = postSolution
		{368AD2C6-EC95-4460-872A-BE4CBDECA745}.Debug|x64.ActiveCfg = Debug|x64
		{368AD2C6-EC95-4460-872A-BE4CBDECA745}.Debug|x64.Build.0 = Debug|x64
		{368AD2C6-EC95-4460-872A-BE4CBDECA745}.Debug|x86.ActiveCfg = Debug|Win32
		{368AD2C6-EC95-4460-872A-BE4CBDECA745}.Debug|x86.Build.0 = Debug|Win32
		{368AD2C6-EC95-4460-872A-BE4CBDECA745}.Release|x64.ActiveCfg = Release|x64
		{368AD2C6-EC95-4460-872A-BE4CBDECA745}.Release|x64.Build.0 = Release|x64
		{368AD2C6-EC95-4460-872A-BE4CBDECA745}.Release|x86.ActiveCfg = Release|Win32
		{368AD2C6-EC95-4460-872A-BE4CBDECA745}.Release|x86.Build.0 = Release|Win32
	EndGlobalSection
	GlobalSection(SolutionProperties) = preSolution
		HideSolutionNode = FALSE
	EndGlobalSection
	GlobalSection(ExtensibilityGlobals) = postSolution
		SolutionGuid = {B2A22579-1432-4762-B1FB-526E0710CE69}
	EndGlobalSection
EndGlobal
